
Microsoft Visual Studio Solution File, Format Version 12.00
# Visual Studio Version 16
VisualStudioVersion = 16.0.31729.503
MinimumVisualStudioVersion = 10.0.40219.1
Project("{9A19103F-16F7-4668-BE54-9A1E7A4F7556}") = "DevM monster converter", "DevM monster converter.csproj", "{0F5F1A1C-369B-421B-A0DD-BD24912047A8}"
EndProject
Global
	GlobalSection(SolutionConfigurationPlatforms) = preSolution
		Debug|Any CPU = Debug|Any CPU
		Release|Any CPU = Release|Any CPU
	EndGlobalSection
	GlobalSection(ProjectConfigurationPlatforms) = postSolution
		{0F5F1A1C-369B-421B-A0DD-BD24912047A8}.Debug|Any CPU.ActiveCfg = Debug|Any CPU
		{0F5F1A1C-369B-421B-A0DD-BD24912047A8}.Debug|Any CPU.Build.0 = Debug|Any CPU
		{0F5F1A1C-369B-421B-A0DD-BD24912047A8}.Release|Any CPU.ActiveCfg = Release|Any CPU
		{0F5F1A1C-369B-421B-A0DD-BD24912047A8}.Release|Any CPU.Build.0 = Release|Any CPU
	EndGlobalSection
	GlobalSection(SolutionProperties) = preSolution
		HideSolutionNode = FALSE
	EndGlobalSection
	GlobalSection(ExtensibilityGlobals) = postSolution
		SolutionGuid = {E5C53086-3374-440E-B28E-A1A099588D26}
	EndGlobalSection
EndGlobal
